{"1.2.0",
[{<<"base64url">>,
  {git,"https://github.com/dvv/base64url",
       {ref,"bf1360685da704c8453aba2268c4698c959d2ba4"}},
  0},
 {<<"cowboy">>,{pkg,<<"cowboy">>,<<"2.8.0">>},0},
 {<<"cowlib">>,{pkg,<<"cowlib">>,<<"2.9.1">>},1},
 {<<"fast_xml">>,
  {git,"https://github.com/processone/fast_xml",
       {ref,"968f314674bdd503d3fd30870ba88c0e5f1bc0d6"}},
  0},
 {<<"idna">>,
  {git,"https://github.com/benoitc/erlang-idna",
       {ref,"6cff72747821110169ecfac871b0c69e5064afff"}},
  0},
 {<<"jiffy">>,{pkg,<<"jiffy">>,<<"1.0.8">>},0},
 {<<"p1_utils">>,{pkg,<<"p1_utils">>,<<"1.0.21">>},1},
 {<<"ranch">>,{pkg,<<"ranch">>,<<"1.7.1">>},1},
 {<<"stringprep">>,
  {git,"https://github.com/processone/stringprep",
       {ref,"b0d677fa6cf0cbeb723c9ad7a6a1e6900ae27462"}},
  0},
 {<<"unicode_util_compat">>,{pkg,<<"unicode_util_compat">>,<<"0.4.1">>},1},
 {<<"uuid">>,
  {git,"https://github.com/avtobiff/erlang-uuid",
       {ref,"cb02a2039a9b29dd2eef0446039c9c6e164df9ef"}},
  0}]}.
[
{pkg_hash,[
 {<<"cowboy">>, <<"F3DC62E35797ECD9AC1B50DB74611193C29815401E53BAC9A5C0577BD7BC667D">>},
 {<<"cowlib">>, <<"61A6C7C50CF07FDD24B2F45B89500BB93B6686579B069A89F88CB211E1125C78">>},
 {<<"jiffy">>, <<"60E36F00BE35E5AC6E6CF2D4CAF3BDF3103D4460AFF385F543A8D7DF2D6D9613">>},
 {<<"p1_utils">>, <<"9D6244BBD4AF881E85AF71655E8BE5720B5B965B1BDD51A35C7871FD4142AF9A">>},
 {<<"ranch">>, <<"6B1FAB51B49196860B733A49C07604465A47BDB78AA10C1C16A3D199F7F8C881">>},
 {<<"unicode_util_compat">>, <<"D869E4C68901DD9531385BB0C8C40444EBF624E60B6962D95952775CAC5E90CD">>}]},
{pkg_hash_ext,[
 {<<"cowboy">>, <<"4643E4FBA74AC96D4D152C75803DE6FAD0B3FA5DF354C71AFDD6CBEEB15FAC8A">>},
 {<<"cowlib">>, <<"E4175DC240A70D996156160891E1C62238EDE1729E45740BDD38064DAD476170">>},
 {<<"jiffy">>, <<"F9AE986BA5A0854EB48CF6A76192D9367086DA86C20197DA430630BE7C087A4E">>},
 {<<"p1_utils">>, <<"4B9B90E5863F5FED17F06427BA99B2DC37B216E4DD1308891F0903745E2FCCBD">>},
 {<<"ranch">>, <<"451D8527787DF716D99DC36162FCA05934915DB0B6141BBDAC2EA8D3C7AFC7D7">>},
 {<<"unicode_util_compat">>, <<"1D1848C40487CDB0B30E8ED975E34E025860C02E419CB615D255849F3427439D">>}]}
].
